// !$*UTF8*$!
{
	archiveVersion = 1;
	classes = {
	};
	objectVersion = 55;
	objects = {

/* Begin PBXBuildFile section */
		920EE80528CDBBDE006637EB /* AppDelegate.swift in Sources */ = {isa = PBXBuildFile; fileRef = 920EE80428CDBBDE006637EB /* AppDelegate.swift */; };
		920EE80928CDBBDE006637EB /* SettingsViewController.swift in Sources */ = {isa = PBXBuildFile; fileRef = 920EE80828CDBBDE006637EB /* SettingsViewController.swift */; };
		920EE80E28CDBBE8006637EB /* Assets.xcassets in Resources */ = {isa = PBXBuildFile; fileRef = 920EE80D28CDBBE8006637EB /* Assets.xcassets */; };
		920EE81128CDBBE8006637EB /* LaunchScreen.storyboard in Resources */ = {isa = PBXBuildFile; fileRef = 920EE80F28CDBBE8006637EB /* LaunchScreen.storyboard */; };
		920EE82128CDEF0F006637EB /* SettinsView.swift in Sources */ = {isa = PBXBuildFile; fileRef = 920EE82028CDEF0F006637EB /* SettinsView.swift */; };
		920EE82328CDF0AB006637EB /* ViewInputDataProtocol.swift in Sources */ = {isa = PBXBuildFile; fileRef = 920EE82228CDF0AB006637EB /* ViewInputDataProtocol.swift */; };
		920EE82528CDF11C006637EB /* ControllerInputDataProtocol.swift in Sources */ = {isa = PBXBuildFile; fileRef = 920EE82428CDF11C006637EB /* ControllerInputDataProtocol.swift */; };
		920EE82728CE0300006637EB /* ViewElementProtocol.swift in Sources */ = {isa = PBXBuildFile; fileRef = 920EE82628CE0300006637EB /* ViewElementProtocol.swift */; };
		920EE82928CE128D006637EB /* SettingsTableViewCell.swift in Sources */ = {isa = PBXBuildFile; fileRef = 920EE82828CE128D006637EB /* SettingsTableViewCell.swift */; };
		92AC54EF28CF863B0073B451 /* ModelCell.swift in Sources */ = {isa = PBXBuildFile; fileRef = 92AC54EE28CF863B0073B451 /* ModelCell.swift */; };
		92AC54F128CF98ED0073B451 /* SettingsTableViewCell+Switch.swift in Sources */ = {isa = PBXBuildFile; fileRef = 92AC54F028CF98ED0073B451 /* SettingsTableViewCell+Switch.swift */; };
		92AC54F328CF994C0073B451 /* SettingsTableViewCell+Note.swift in Sources */ = {isa = PBXBuildFile; fileRef = 92AC54F228CF994C0073B451 /* SettingsTableViewCell+Note.swift */; };
		92AC54F528CF99760073B451 /* SettingsTableViewCell+Notification.swift in Sources */ = {isa = PBXBuildFile; fileRef = 92AC54F428CF99760073B451 /* SettingsTableViewCell+Notification.swift */; };
		92AC54F728D077C30073B451 /* ExtensionSettingsViewController.swift in Sources */ = {isa = PBXBuildFile; fileRef = 92AC54F628D077C30073B451 /* ExtensionSettingsViewController.swift */; };
		92AC54F928D078DA0073B451 /* NextScreenController.swift in Sources */ = {isa = PBXBuildFile; fileRef = 92AC54F828D078DA0073B451 /* NextScreenController.swift */; };
/* End PBXBuildFile section */

/* Begin PBXFileReference section */
		920EE80128CDBBDE006637EB /* iOS7-HW15-Kholodkov Denis.app */ = {isa = PBXFileReference; explicitFileType = wrapper.application; includeInIndex = 0; path = "iOS7-HW15-Kholodkov Denis.app"; sourceTree = BUILT_PRODUCTS_DIR; };
		920EE80428CDBBDE006637EB /* AppDelegate.swift */ = {isa = PBXFileReference; lastKnownFileType = sourcecode.swift; path = AppDelegate.swift; sourceTree = "<group>"; };
		920EE80828CDBBDE006637EB /* SettingsViewController.swift */ = {isa = PBXFileReference; lastKnownFileType = sourcecode.swift; path = SettingsViewController.swift; sourceTree = "<group>"; };
		920EE80D28CDBBE8006637EB /* Assets.xcassets */ = {isa = PBXFileReference; lastKnownFileType = folder.assetcatalog; path = Assets.xcassets; sourceTree = "<group>"; };
		920EE81028CDBBE8006637EB /* Base */ = {isa = PBXFileReference; lastKnownFileType = file.storyboard; name = Base; path = Base.lproj/LaunchScreen.storyboard; sourceTree = "<group>"; };
		920EE81228CDBBE8006637EB /* Info.plist */ = {isa = PBXFileReference; lastKnownFileType = text.plist.xml; path = Info.plist; sourceTree = "<group>"; };
		920EE82028CDEF0F006637EB /* SettinsView.swift */ = {isa = PBXFileReference; lastKnownFileType = sourcecode.swift; path = SettinsView.swift; sourceTree = "<group>"; };
		920EE82228CDF0AB006637EB /* ViewInputDataProtocol.swift */ = {isa = PBXFileReference; lastKnownFileType = sourcecode.swift; path = ViewInputDataProtocol.swift; sourceTree = "<group>"; };
		920EE82428CDF11C006637EB /* ControllerInputDataProtocol.swift */ = {isa = PBXFileReference; lastKnownFileType = sourcecode.swift; path = ControllerInputDataProtocol.swift; sourceTree = "<group>"; };
		920EE82628CE0300006637EB /* ViewElementProtocol.swift */ = {isa = PBXFileReference; lastKnownFileType = sourcecode.swift; path = ViewElementProtocol.swift; sourceTree = "<group>"; };
		920EE82828CE128D006637EB /* SettingsTableViewCell.swift */ = {isa = PBXFileReference; lastKnownFileType = sourcecode.swift; path = SettingsTableViewCell.swift; sourceTree = "<group>"; };
		92AC54EE28CF863B0073B451 /* ModelCell.swift */ = {isa = PBXFileReference; lastKnownFileType = sourcecode.swift; path = ModelCell.swift; sourceTree = "<group>"; };
		92AC54F028CF98ED0073B451 /* SettingsTableViewCell+Switch.swift */ = {isa = PBXFileReference; lastKnownFileType = sourcecode.swift; path = "SettingsTableViewCell+Switch.swift"; sourceTree = "<group>"; };
		92AC54F228CF994C0073B451 /* SettingsTableViewCell+Note.swift */ = {isa = PBXFileReference; lastKnownFileType = sourcecode.swift; path = "SettingsTableViewCell+Note.swift"; sourceTree = "<group>"; };
		92AC54F428CF99760073B451 /* SettingsTableViewCell+Notification.swift */ = {isa = PBXFileReference; lastKnownFileType = sourcecode.swift; path = "SettingsTableViewCell+Notification.swift"; sourceTree = "<group>"; };
		92AC54F628D077C30073B451 /* ExtensionSettingsViewController.swift */ = {isa = PBXFileReference; lastKnownFileType = sourcecode.swift; path = ExtensionSettingsViewController.swift; sourceTree = "<group>"; };
		92AC54F828D078DA0073B451 /* NextScreenController.swift */ = {isa = PBXFileReference; lastKnownFileType = sourcecode.swift; path = NextScreenController.swift; sourceTree = "<group>"; };
/* End PBXFileReference section */

/* Begin PBXFrameworksBuildPhase section */
		920EE7FE28CDBBDE006637EB /* Frameworks */ = {
			isa = PBXFrameworksBuildPhase;
			buildActionMask = 2147483647;
			files = (
			);
			runOnlyForDeploymentPostprocessing = 0;
		};
/* End PBXFrameworksBuildPhase section */

/* Begin PBXGroup section */
		920EE7F828CDBBDE006637EB = {
			isa = PBXGroup;
			children = (
				920EE80328CDBBDE006637EB /* iOS7-HW15-Kholodkov Denis */,
				920EE80228CDBBDE006637EB /* Products */,
			);
			sourceTree = "<group>";
		};
		920EE80228CDBBDE006637EB /* Products */ = {
			isa = PBXGroup;
			children = (
				920EE80128CDBBDE006637EB /* iOS7-HW15-Kholodkov Denis.app */,
			);
			name = Products;
			sourceTree = "<group>";
		};
		920EE80328CDBBDE006637EB /* iOS7-HW15-Kholodkov Denis */ = {
			isa = PBXGroup;
			children = (
				920EE81A28CDBD0B006637EB /* Resources */,
				920EE81928CDBCED006637EB /* Sources */,
				920EE81828CDBC5B006637EB /* Others */,
			);
			path = "iOS7-HW15-Kholodkov Denis";
			sourceTree = "<group>";
		};
		920EE81828CDBC5B006637EB /* Others */ = {
			isa = PBXGroup;
			children = (
				920EE81228CDBBE8006637EB /* Info.plist */,
			);
			path = Others;
			sourceTree = "<group>";
		};
		920EE81928CDBCED006637EB /* Sources */ = {
			isa = PBXGroup;
			children = (
				920EE80428CDBBDE006637EB /* AppDelegate.swift */,
				AC7F227628D0B11B00AB0369 /* Settings */,
				920EE81C28CDBF45006637EB /* View */,
				920EE81D28CDBF4F006637EB /* Controller */,
			);
			path = Sources;
			sourceTree = "<group>";
		};
		920EE81A28CDBD0B006637EB /* Resources */ = {
			isa = PBXGroup;
			children = (
				920EE80D28CDBBE8006637EB /* Assets.xcassets */,
				920EE80F28CDBBE8006637EB /* LaunchScreen.storyboard */,
			);
			path = Resources;
			sourceTree = "<group>";
		};
		920EE81B28CDBF32006637EB /* Model */ = {
			isa = PBXGroup;
			children = (
				92AC54EE28CF863B0073B451 /* ModelCell.swift */,
			);
			path = Model;
			sourceTree = "<group>";
		};
		920EE81C28CDBF45006637EB /* View */ = {
			isa = PBXGroup;
			children = (
				920EE82228CDF0AB006637EB /* ViewInputDataProtocol.swift */,
			);
			path = View;
			sourceTree = "<group>";
		};
		920EE81D28CDBF4F006637EB /* Controller */ = {
			isa = PBXGroup;
			children = (
				920EE82428CDF11C006637EB /* ControllerInputDataProtocol.swift */,
				92AC54F828D078DA0073B451 /* NextScreenController.swift */,
			);
			path = Controller;
			sourceTree = "<group>";
		};
		9224DBB728CE794200250519 /* Cells */ = {
			isa = PBXGroup;
			children = (
				920EE82628CE0300006637EB /* ViewElementProtocol.swift */,
				920EE82828CE128D006637EB /* SettingsTableViewCell.swift */,
				92AC54F028CF98ED0073B451 /* SettingsTableViewCell+Switch.swift */,
				92AC54F228CF994C0073B451 /* SettingsTableViewCell+Note.swift */,
				92AC54F428CF99760073B451 /* SettingsTableViewCell+Notification.swift */,
			);
			path = Cells;
			sourceTree = "<group>";
		};
		AC7F227628D0B11B00AB0369 /* Settings */ = {
			isa = PBXGroup;
			children = (
				9224DBB728CE794200250519 /* Cells */,
				920EE81B28CDBF32006637EB /* Model */,
				920EE80828CDBBDE006637EB /* SettingsViewController.swift */,
				92AC54F628D077C30073B451 /* ExtensionSettingsViewController.swift */,
				920EE82028CDEF0F006637EB /* SettinsView.swift */,
			);
			path = Settings;
			sourceTree = "<group>";
		};
/* End PBXGroup section */

/* Begin PBXNativeTarget section */
		920EE80028CDBBDE006637EB /* iOS7-HW15-Kholodkov Denis */ = {
			isa = PBXNativeTarget;
			buildConfigurationList = 920EE81528CDBBE8006637EB /* Build configuration list for PBXNativeTarget "iOS7-HW15-Kholodkov Denis" */;
			buildPhases = (
				920EE7FD28CDBBDE006637EB /* Sources */,
				920EE7FE28CDBBDE006637EB /* Frameworks */,
				920EE7FF28CDBBDE006637EB /* Resources */,
			);
			buildRules = (
			);
			dependencies = (
			);
			name = "iOS7-HW15-Kholodkov Denis";
			productName = "iOS7-HW15-Kholodkov Denis";
			productReference = 920EE80128CDBBDE006637EB /* iOS7-HW15-Kholodkov Denis.app */;
			productType = "com.apple.product-type.application";
		};
/* End PBXNativeTarget section */

/* Begin PBXProject section */
		920EE7F928CDBBDE006637EB /* Project object */ = {
			isa = PBXProject;
			attributes = {
				BuildIndependentTargetsInParallel = 1;
				LastSwiftUpdateCheck = 1320;
				LastUpgradeCheck = 1320;
				TargetAttributes = {
					920EE80028CDBBDE006637EB = {
						CreatedOnToolsVersion = 13.2.1;
					};
				};
			};
			buildConfigurationList = 920EE7FC28CDBBDE006637EB /* Build configuration list for PBXProject "iOS7-HW15-Kholodkov Denis" */;
			compatibilityVersion = "Xcode 13.0";
			developmentRegion = en;
			hasScannedForEncodings = 0;
			knownRegions = (
				en,
				Base,
			);
			mainGroup = 920EE7F828CDBBDE006637EB;
			productRefGroup = 920EE80228CDBBDE006637EB /* Products */;
			projectDirPath = "";
			projectRoot = "";
			targets = (
				920EE80028CDBBDE006637EB /* iOS7-HW15-Kholodkov Denis */,
			);
		};
/* End PBXProject section */

/* Begin PBXResourcesBuildPhase section */
		920EE7FF28CDBBDE006637EB /* Resources */ = {
			isa = PBXResourcesBuildPhase;
			buildActionMask = 2147483647;
			files = (
				920EE81128CDBBE8006637EB /* LaunchScreen.storyboard in Resources */,
				920EE80E28CDBBE8006637EB /* Assets.xcassets in Resources */,
			);
			runOnlyForDeploymentPostprocessing = 0;
		};
/* End PBXResourcesBuildPhase section */

/* Begin PBXSourcesBuildPhase section */
		920EE7FD28CDBBDE006637EB /* Sources */ = {
			isa = PBXSourcesBuildPhase;
			buildActionMask = 2147483647;
			files = (
				92AC54F128CF98ED0073B451 /* SettingsTableViewCell+Switch.swift in Sources */,
				920EE82728CE0300006637EB /* ViewElementProtocol.swift in Sources */,
				920EE82528CDF11C006637EB /* ControllerInputDataProtocol.swift in Sources */,
				920EE82328CDF0AB006637EB /* ViewInputDataProtocol.swift in Sources */,
				920EE82128CDEF0F006637EB /* SettinsView.swift in Sources */,
				92AC54F728D077C30073B451 /* ExtensionSettingsViewController.swift in Sources */,
				920EE82928CE128D006637EB /* SettingsTableViewCell.swift in Sources */,
				92AC54F928D078DA0073B451 /* NextScreenController.swift in Sources */,
				92AC54F528CF99760073B451 /* SettingsTableViewCell+Notification.swift in Sources */,
				920EE80928CDBBDE006637EB /* SettingsViewController.swift in Sources */,
				92AC54F328CF994C0073B451 /* SettingsTableViewCell+Note.swift in Sources */,
				920EE80528CDBBDE006637EB /* AppDelegate.swift in Sources */,
				92AC54EF28CF863B0073B451 /* ModelCell.swift in Sources */,
			);
			runOnlyForDeploymentPostprocessing = 0;
		};
/* End PBXSourcesBuildPhase section */

/* Begin PBXVariantGroup section */
		920EE80F28CDBBE8006637EB /* LaunchScreen.storyboard */ = {
			isa = PBXVariantGroup;
			children = (
				920EE81028CDBBE8006637EB /* Base */,
			);
			name = LaunchScreen.storyboard;
			sourceTree = "<group>";
		};
/* End PBXVariantGroup section */

/* Begin XCBuildConfiguration section */
		920EE81328CDBBE8006637EB /* Debug */ = {
			isa = XCBuildConfiguration;
			buildSettings = {
				ALWAYS_SEARCH_USER_PATHS = NO;
				CLANG_ANALYZER_NONNULL = YES;
				CLANG_ANALYZER_NUMBER_OBJECT_CONVERSION = YES_AGGRESSIVE;
				CLANG_CXX_LANGUAGE_STANDARD = "gnu++17";
				CLANG_CXX_LIBRARY = "libc++";
				CLANG_ENABLE_MODULES = YES;
				CLANG_ENABLE_OBJC_ARC = YES;
				CLANG_ENABLE_OBJC_WEAK = YES;
				CLANG_WARN_BLOCK_CAPTURE_AUTORELEASING = YES;
				CLANG_WARN_BOOL_CONVERSION = YES;
				CLANG_WARN_COMMA = YES;
				CLANG_WARN_CONSTANT_CONVERSION = YES;
				CLANG_WARN_DEPRECATED_OBJC_IMPLEMENTATIONS = YES;
				CLANG_WARN_DIRECT_OBJC_ISA_USAGE = YES_ERROR;
				CLANG_WARN_DOCUMENTATION_COMMENTS = YES;
				CLANG_WARN_EMPTY_BODY = YES;
				CLANG_WARN_ENUM_CONVERSION = YES;
				CLANG_WARN_INFINITE_RECURSION = YES;
				CLANG_WARN_INT_CONVERSION = YES;
				CLANG_WARN_NON_LITERAL_NULL_CONVERSION = YES;
				CLANG_WARN_OBJC_IMPLICIT_RETAIN_SELF = YES;
				CLANG_WARN_OBJC_LITERAL_CONVERSION = YES;
				CLANG_WARN_OBJC_ROOT_CLASS = YES_ERROR;
				CLANG_WARN_QUOTED_INCLUDE_IN_FRAMEWORK_HEADER = YES;
				CLANG_WARN_RANGE_LOOP_ANALYSIS = YES;
				CLANG_WARN_STRICT_PROTOTYPES = YES;
				CLANG_WARN_SUSPICIOUS_MOVE = YES;
				CLANG_WARN_UNGUARDED_AVAILABILITY = YES_AGGRESSIVE;
				CLANG_WARN_UNREACHABLE_CODE = YES;
				CLANG_WARN__DUPLICATE_METHOD_MATCH = YES;
				COPY_PHASE_STRIP = NO;
				DEBUG_INFORMATION_FORMAT = dwarf;
				ENABLE_STRICT_OBJC_MSGSEND = YES;
				ENABLE_TESTABILITY = YES;
				GCC_C_LANGUAGE_STANDARD = gnu11;
				GCC_DYNAMIC_NO_PIC = NO;
				GCC_NO_COMMON_BLOCKS = YES;
				GCC_OPTIMIZATION_LEVEL = 0;
				GCC_PREPROCESSOR_DEFINITIONS = (
					"DEBUG=1",
					"$(inherited)",
				);
				GCC_WARN_64_TO_32_BIT_CONVERSION = YES;
				GCC_WARN_ABOUT_RETURN_TYPE = YES_ERROR;
				GCC_WARN_UNDECLARED_SELECTOR = YES;
				GCC_WARN_UNINITIALIZED_AUTOS = YES_AGGRESSIVE;
				GCC_WARN_UNUSED_FUNCTION = YES;
				GCC_WARN_UNUSED_VARIABLE = YES;
				IPHONEOS_DEPLOYMENT_TARGET = 15.2;
				MTL_ENABLE_DEBUG_INFO = INCLUDE_SOURCE;
				MTL_FAST_MATH = YES;
				ONLY_ACTIVE_ARCH = YES;
				SDKROOT = iphoneos;
				SWIFT_ACTIVE_COMPILATION_CONDITIONS = DEBUG;
				SWIFT_OPTIMIZATION_LEVEL = "-Onone";
			};
			name = Debug;
		};
		920EE81428CDBBE8006637EB /* Release */ = {
			isa = XCBuildConfiguration;
			buildSettings = {
				ALWAYS_SEARCH_USER_PATHS = NO;
				CLANG_ANALYZER_NONNULL = YES;
				CLANG_ANALYZER_NUMBER_OBJECT_CONVERSION = YES_AGGRESSIVE;
				CLANG_CXX_LANGUAGE_STANDARD = "gnu++17";
				CLANG_CXX_LIBRARY = "libc++";
				CLANG_ENABLE_MODULES = YES;
				CLANG_ENABLE_OBJC_ARC = YES;
				CLANG_ENABLE_OBJC_WEAK = YES;
				CLANG_WARN_BLOCK_CAPTURE_AUTORELEASING = YES;
				CLANG_WARN_BOOL_CONVERSION = YES;
				CLANG_WARN_COMMA = YES;
				CLANG_WARN_CONSTANT_CONVERSION = YES;
				CLANG_WARN_DEPRECATED_OBJC_IMPLEMENTATIONS = YES;
				CLANG_WARN_DIRECT_OBJC_ISA_USAGE = YES_ERROR;
				CLANG_WARN_DOCUMENTATION_COMMENTS = YES;
				CLANG_WARN_EMPTY_BODY = YES;
				CLANG_WARN_ENUM_CONVERSION = YES;
				CLANG_WARN_INFINITE_RECURSION = YES;
				CLANG_WARN_INT_CONVERSION = YES;
				CLANG_WARN_NON_LITERAL_NULL_CONVERSION = YES;
				CLANG_WARN_OBJC_IMPLICIT_RETAIN_SELF = YES;
				CLANG_WARN_OBJC_LITERAL_CONVERSION = YES;
				CLANG_WARN_OBJC_ROOT_CLASS = YES_ERROR;
				CLANG_WARN_QUOTED_INCLUDE_IN_FRAMEWORK_HEADER = YES;
				CLANG_WARN_RANGE_LOOP_ANALYSIS = YES;
				CLANG_WARN_STRICT_PROTOTYPES = YES;
				CLANG_WARN_SUSPICIOUS_MOVE = YES;
				CLANG_WARN_UNGUARDED_AVAILABILITY = YES_AGGRESSIVE;
				CLANG_WARN_UNREACHABLE_CODE = YES;
				CLANG_WARN__DUPLICATE_METHOD_MATCH = YES;
				COPY_PHASE_STRIP = NO;
				DEBUG_INFORMATION_FORMAT = "dwarf-with-dsym";
				ENABLE_NS_ASSERTIONS = NO;
				ENABLE_STRICT_OBJC_MSGSEND = YES;
				GCC_C_LANGUAGE_STANDARD = gnu11;
				GCC_NO_COMMON_BLOCKS = YES;
				GCC_WARN_64_TO_32_BIT_CONVERSION = YES;
				GCC_WARN_ABOUT_RETURN_TYPE = YES_ERROR;
				GCC_WARN_UNDECLARED_SELECTOR = YES;
				GCC_WARN_UNINITIALIZED_AUTOS = YES_AGGRESSIVE;
				GCC_WARN_UNUSED_FUNCTION = YES;
				GCC_WARN_UNUSED_VARIABLE = YES;
				IPHONEOS_DEPLOYMENT_TARGET = 15.2;
				MTL_ENABLE_DEBUG_INFO = NO;
				MTL_FAST_MATH = YES;
				SDKROOT = iphoneos;
				SWIFT_COMPILATION_MODE = wholemodule;
				SWIFT_OPTIMIZATION_LEVEL = "-O";
				VALIDATE_PRODUCT = YES;
			};
			name = Release;
		};
		920EE81628CDBBE8006637EB /* Debug */ = {
			isa = XCBuildConfiguration;
			buildSettings = {
				ASSETCATALOG_COMPILER_APPICON_NAME = AppIcon;
				ASSETCATALOG_COMPILER_GLOBAL_ACCENT_COLOR_NAME = AccentColor;
				CODE_SIGN_STYLE = Automatic;
				CURRENT_PROJECT_VERSION = 1;
				DEVELOPMENT_TEAM = 3L65F6AAP4;
				GENERATE_INFOPLIST_FILE = YES;
				INFOPLIST_FILE = "iOS7-HW15-Kholodkov Denis/Others/Info.plist";
				INFOPLIST_KEY_UIApplicationSupportsIndirectInputEvents = YES;
				INFOPLIST_KEY_UILaunchStoryboardName = LaunchScreen;
				INFOPLIST_KEY_UISupportedInterfaceOrientations_iPad = "UIInterfaceOrientationPortrait UIInterfaceOrientationPortraitUpsideDown UIInterfaceOrientationLandscapeLeft UIInterfaceOrientationLandscapeRight";
				INFOPLIST_KEY_UISupportedInterfaceOrientations_iPhone = "UIInterfaceOrientationPortrait UIInterfaceOrientationLandscapeLeft UIInterfaceOrientationLandscapeRight";
				LD_RUNPATH_SEARCH_PATHS = (
					"$(inherited)",
					"@executable_path/Frameworks",
				);
				MARKETING_VERSION = 1.0;
				PRODUCT_BUNDLE_IDENTIFIER = "com.denis.iOS7-HW15-Kholodkov-Denis";
				PRODUCT_NAME = "$(TARGET_NAME)";
				SWIFT_EMIT_LOC_STRINGS = YES;
				SWIFT_VERSION = 5.0;
				TARGETED_DEVICE_FAMILY = 1;
			};
			name = Debug;
		};
		920EE81728CDBBE8006637EB /* Release */ = {
			isa = XCBuildConfiguration;
			buildSettings = {
				ASSETCATALOG_COMPILER_APPICON_NAME = AppIcon;
				ASSETCATALOG_COMPILER_GLOBAL_ACCENT_COLOR_NAME = AccentColor;
				CODE_SIGN_STYLE = Automatic;
				CURRENT_PROJECT_VERSION = 1;
				DEVELOPMENT_TEAM = 3L65F6AAP4;
				GENERATE_INFOPLIST_FILE = YES;
				INFOPLIST_FILE = "iOS7-HW15-Kholodkov Denis/Others/Info.plist";
				INFOPLIST_KEY_UIApplicationSupportsIndirectInputEvents = YES;
				INFOPLIST_KEY_UILaunchStoryboardName = LaunchScreen;
				INFOPLIST_KEY_UISupportedInterfaceOrientations_iPad = "UIInterfaceOrientationPortrait UIInterfaceOrientationPortraitUpsideDown UIInterfaceOrientationLandscapeLeft UIInterfaceOrientationLandscapeRight";
				INFOPLIST_KEY_UISupportedInterfaceOrientations_iPhone = "UIInterfaceOrientationPortrait UIInterfaceOrientationLandscapeLeft UIInterfaceOrientationLandscapeRight";
				LD_RUNPATH_SEARCH_PATHS = (
					"$(inherited)",
					"@executable_path/Frameworks",
				);
				MARKETING_VERSION = 1.0;
				PRODUCT_BUNDLE_IDENTIFIER = "com.denis.iOS7-HW15-Kholodkov-Denis";
				PRODUCT_NAME = "$(TARGET_NAME)";
				SWIFT_EMIT_LOC_STRINGS = YES;
				SWIFT_VERSION = 5.0;
				TARGETED_DEVICE_FAMILY = 1;
			};
			name = Release;
		};
/* End XCBuildConfiguration section */

/* Begin XCConfigurationList section */
		920EE7FC28CDBBDE006637EB /* Build configuration list for PBXProject "iOS7-HW15-Kholodkov Denis" */ = {
			isa = XCConfigurationList;
			buildConfigurations = (
				920EE81328CDBBE8006637EB /* Debug */,
				920EE81428CDBBE8006637EB /* Release */,
			);
			defaultConfigurationIsVisible = 0;
			defaultConfigurationName = Release;
		};
		920EE81528CDBBE8006637EB /* Build configuration list for PBXNativeTarget "iOS7-HW15-Kholodkov Denis" */ = {
			isa = XCConfigurationList;
			buildConfigurations = (
				920EE81628CDBBE8006637EB /* Debug */,
				920EE81728CDBBE8006637EB /* Release */,
			);
			defaultConfigurationIsVisible = 0;
			defaultConfigurationName = Release;
		};
/* End XCConfigurationList section */
	};
	rootObject = 920EE7F928CDBBDE006637EB /* Project object */;
}
